
Microsoft Visual Studio Solution File, Format Version 12.00
# Visual Studio 14
VisualStudioVersion = 14.0.25123.0
MinimumVisualStudioVersion = 10.0.40219.1
Project("{8BC9CEB8-8B4A-11D0-8D11-00A0C91BC942}") = "01_CopyConstructorAndAssignmentOp", "01_CopyConstructorAndAssignmentOp\01_CopyConstructorAndAssignmentOp.vcxproj", "{80A9C32D-9895-4E7B-B5F0-22501C3C8123}"
EndProject
Project("{8BC9CEB8-8B4A-11D0-8D11-00A0C91BC942}") = "01Lab_DynamicMemory", "01Lab_DynamicMemory\01Lab_DynamicMemory.vcxproj", "{B8C73E7F-3FE0-4D16-855A-B05B8B36B882}"
EndProject
Project("{8BC9CEB8-8B4A-11D0-8D11-00A0C91BC942}") = "02_SimpleDynamicMemory", "SimpleDynamicMemory\SimpleDynamicMemory.vcxproj", "{EBDE45EF-E708-4A15-BA4A-56B021610BF5}"
EndProject
Project("{8BC9CEB8-8B4A-11D0-8D11-00A0C91BC942}") = "02_SimpleCopyAndSwap", "SimpleCopyAndSwap\SimpleCopyAndSwap.vcxproj", "{ACAA533E-5229-48AA-A755-38D31856E8AB}"
EndProject
Project("{8BC9CEB8-8B4A-11D0-8D11-00A0C91BC942}") = "02_SimpleSmartPointers", "SimpleSmartPointers\SimpleSmartPointers.vcxproj", "{7B15E04D-F287-44F0-B5E9-B3B60EB394F3}"
EndProject
Project("{8BC9CEB8-8B4A-11D0-8D11-00A0C91BC942}") = "03_InsertionOperatorPolymorphism", "03_InsertionOperatorPolymorphism\03_InsertionOperatorPolymorphism.vcxproj", "{9AB2F147-27FE-40E6-9B03-0250C30439D5}"
EndProject
Project("{8BC9CEB8-8B4A-11D0-8D11-00A0C91BC942}") = "03_DestructorExample", "03_DestructorExample\03_DestructorExample.vcxproj", "{8473CE48-596E-423B-B8A2-001B51E09B3F}"
EndProject
Project("{8BC9CEB8-8B4A-11D0-8D11-00A0C91BC942}") = "04_TemplateMethodExample", "04_TemplateMethodExample\04_TemplateMethodExample.vcxproj", "{93E4090B-BD7D-48BC-950F-B170ECC5FC51}"
EndProject
Global
	GlobalSection(SolutionConfigurationPlatforms) = preSolution
		Debug|x64 = Debug|x64
		Debug|x86 = Debug|x86
		Release|x64 = Release|x64
		Release|x86 = Release|x86
	EndGlobalSection
	GlobalSection(ProjectConfigurationPlatforms) = postSolution
		{80A9C32D-9895-4E7B-B5F0-22501C3C8123}.Debug|x64.ActiveCfg = Debug|x64
		{80A9C32D-9895-4E7B-B5F0-22501C3C8123}.Debug|x64.Build.0 = Debug|x64
		{80A9C32D-9895-4E7B-B5F0-22501C3C8123}.Debug|x86.ActiveCfg = Debug|Win32
		{80A9C32D-9895-4E7B-B5F0-22501C3C8123}.Debug|x86.Build.0 = Debug|Win32
		{80A9C32D-9895-4E7B-B5F0-22501C3C8123}.Release|x64.ActiveCfg = Release|x64
		{80A9C32D-9895-4E7B-B5F0-22501C3C8123}.Release|x64.Build.0 = Release|x64
		{80A9C32D-9895-4E7B-B5F0-22501C3C8123}.Release|x86.ActiveCfg = Release|Win32
		{80A9C32D-9895-4E7B-B5F0-22501C3C8123}.Release|x86.Build.0 = Release|Win32
		{B8C73E7F-3FE0-4D16-855A-B05B8B36B882}.Debug|x64.ActiveCfg = Debug|x64
		{B8C73E7F-3FE0-4D16-855A-B05B8B36B882}.Debug|x64.Build.0 = Debug|x64
		{B8C73E7F-3FE0-4D16-855A-B05B8B36B882}.Debug|x86.ActiveCfg = Debug|Win32
		{B8C73E7F-3FE0-4D16-855A-B05B8B36B882}.Debug|x86.Build.0 = Debug|Win32
		{B8C73E7F-3FE0-4D16-855A-B05B8B36B882}.Release|x64.ActiveCfg = Release|x64
		{B8C73E7F-3FE0-4D16-855A-B05B8B36B882}.Release|x64.Build.0 = Release|x64
		{B8C73E7F-3FE0-4D16-855A-B05B8B36B882}.Release|x86.ActiveCfg = Release|Win32
		{B8C73E7F-3FE0-4D16-855A-B05B8B36B882}.Release|x86.Build.0 = Release|Win32
		{EBDE45EF-E708-4A15-BA4A-56B021610BF5}.Debug|x64.ActiveCfg = Debug|x64
		{EBDE45EF-E708-4A15-BA4A-56B021610BF5}.Debug|x64.Build.0 = Debug|x64
		{EBDE45EF-E708-4A15-BA4A-56B021610BF5}.Debug|x86.ActiveCfg = Debug|Win32
		{EBDE45EF-E708-4A15-BA4A-56B021610BF5}.Debug|x86.Build.0 = Debug|Win32
		{EBDE45EF-E708-4A15-BA4A-56B021610BF5}.Release|x64.ActiveCfg = Release|x64
		{EBDE45EF-E708-4A15-BA4A-56B021610BF5}.Release|x64.Build.0 = Release|x64
		{EBDE45EF-E708-4A15-BA4A-56B021610BF5}.Release|x86.ActiveCfg = Release|Win32
		{EBDE45EF-E708-4A15-BA4A-56B021610BF5}.Release|x86.Build.0 = Release|Win32
		{ACAA533E-5229-48AA-A755-38D31856E8AB}.Debug|x64.ActiveCfg = Debug|x64
		{ACAA533E-5229-48AA-A755-38D31856E8AB}.Debug|x64.Build.0 = Debug|x64
		{ACAA533E-5229-48AA-A755-38D31856E8AB}.Debug|x86.ActiveCfg = Debug|Win32
		{ACAA533E-5229-48AA-A755-38D31856E8AB}.Debug|x86.Build.0 = Debug|Win32
		{ACAA533E-5229-48AA-A755-38D31856E8AB}.Release|x64.ActiveCfg = Release|x64
		{ACAA533E-5229-48AA-A755-38D31856E8AB}.Release|x64.Build.0 = Release|x64
		{ACAA533E-5229-48AA-A755-38D31856E8AB}.Release|x86.ActiveCfg = Release|Win32
		{ACAA533E-5229-48AA-A755-38D31856E8AB}.Release|x86.Build.0 = Release|Win32
		{7B15E04D-F287-44F0-B5E9-B3B60EB394F3}.Debug|x64.ActiveCfg = Debug|x64
		{7B15E04D-F287-44F0-B5E9-B3B60EB394F3}.Debug|x64.Build.0 = Debug|x64
		{7B15E04D-F287-44F0-B5E9-B3B60EB394F3}.Debug|x86.ActiveCfg = Debug|Win32
		{7B15E04D-F287-44F0-B5E9-B3B60EB394F3}.Debug|x86.Build.0 = Debug|Win32
		{7B15E04D-F287-44F0-B5E9-B3B60EB394F3}.Release|x64.ActiveCfg = Release|x64
		{7B15E04D-F287-44F0-B5E9-B3B60EB394F3}.Release|x64.Build.0 = Release|x64
		{7B15E04D-F287-44F0-B5E9-B3B60EB394F3}.Release|x86.ActiveCfg = Release|Win32
		{7B15E04D-F287-44F0-B5E9-B3B60EB394F3}.Release|x86.Build.0 = Release|Win32
		{9AB2F147-27FE-40E6-9B03-0250C30439D5}.Debug|x64.ActiveCfg = Debug|x64
		{9AB2F147-27FE-40E6-9B03-0250C30439D5}.Debug|x64.Build.0 = Debug|x64
		{9AB2F147-27FE-40E6-9B03-0250C30439D5}.Debug|x86.ActiveCfg = Debug|Win32
		{9AB2F147-27FE-40E6-9B03-0250C30439D5}.Debug|x86.Build.0 = Debug|Win32
		{9AB2F147-27FE-40E6-9B03-0250C30439D5}.Release|x64.ActiveCfg = Release|x64
		{9AB2F147-27FE-40E6-9B03-0250C30439D5}.Release|x64.Build.0 = Release|x64
		{9AB2F147-27FE-40E6-9B03-0250C30439D5}.Release|x86.ActiveCfg = Release|Win32
		{9AB2F147-27FE-40E6-9B03-0250C30439D5}.Release|x86.Build.0 = Release|Win32
		{8473CE48-596E-423B-B8A2-001B51E09B3F}.Debug|x64.ActiveCfg = Debug|x64
		{8473CE48-596E-423B-B8A2-001B51E09B3F}.Debug|x64.Build.0 = Debug|x64
		{8473CE48-596E-423B-B8A2-001B51E09B3F}.Debug|x86.ActiveCfg = Debug|Win32
		{8473CE48-596E-423B-B8A2-001B51E09B3F}.Debug|x86.Build.0 = Debug|Win32
		{8473CE48-596E-423B-B8A2-001B51E09B3F}.Release|x64.ActiveCfg = Release|x64
		{8473CE48-596E-423B-B8A2-001B51E09B3F}.Release|x64.Build.0 = Release|x64
		{8473CE48-596E-423B-B8A2-001B51E09B3F}.Release|x86.ActiveCfg = Release|Win32
		{8473CE48-596E-423B-B8A2-001B51E09B3F}.Release|x86.Build.0 = Release|Win32
		{93E4090B-BD7D-48BC-950F-B170ECC5FC51}.Debug|x64.ActiveCfg = Debug|x64
		{93E4090B-BD7D-48BC-950F-B170ECC5FC51}.Debug|x64.Build.0 = Debug|x64
		{93E4090B-BD7D-48BC-950F-B170ECC5FC51}.Debug|x86.ActiveCfg = Debug|Win32
		{93E4090B-BD7D-48BC-950F-B170ECC5FC51}.Debug|x86.Build.0 = Debug|Win32
		{93E4090B-BD7D-48BC-950F-B170ECC5FC51}.Release|x64.ActiveCfg = Release|x64
		{93E4090B-BD7D-48BC-950F-B170ECC5FC51}.Release|x64.Build.0 = Release|x64
		{93E4090B-BD7D-48BC-950F-B170ECC5FC51}.Release|x86.ActiveCfg = Release|Win32
		{93E4090B-BD7D-48BC-950F-B170ECC5FC51}.Release|x86.Build.0 = Release|Win32
	EndGlobalSection
	GlobalSection(SolutionProperties) = preSolution
		HideSolutionNode = FALSE
	EndGlobalSection
EndGlobal
