
Microsoft Visual Studio Solution File, Format Version 12.00
# Visual Studio 14
VisualStudioVersion = 14.0.25123.0
MinimumVisualStudioVersion = 10.0.40219.1
Project("{8BC9CEB8-8B4A-11D0-8D11-00A0C91BC942}") = "01_CopyConstructorAndAssignmentOp", "01_CopyConstructorAndAssignmentOp\01_CopyConstructorAndAssignmentOp.vcxproj", "{80A9C32D-9895-4E7B-B5F0-22501C3C8123}"
EndProject
Project("{8BC9CEB8-8B4A-11D0-8D11-00A0C91BC942}") = "01Lab_DynamicMemory", "01Lab_DynamicMemory\01Lab_DynamicMemory.vcxproj", "{B8C73E7F-3FE0-4D16-855A-B05B8B36B882}"
EndProject
Project("{8BC9CEB8-8B4A-11D0-8D11-00A0C91BC942}") = "02_SimpleDynamicMemory", "SimpleDynamicMemory\SimpleDynamicMemory.vcxproj", "{EBDE45EF-E708-4A15-BA4A-56B021610BF5}"
EndProject
Project("{8BC9CEB8-8B4A-11D0-8D11-00A0C91BC942}") = "02_SimpleCopyAndSwap", "SimpleCopyAndSwap\SimpleCopyAndSwap.vcxproj", "{ACAA533E-5229-48AA-A755-38D31856E8AB}"
EndProject
Project("{8BC9CEB8-8B4A-11D0-8D11-00A0C91BC942}") = "02_SimpleSmartPointers", "SimpleSmartPointers\SimpleSmartPointers.vcxproj", "{7B15E04D-F287-44F0-B5E9-B3B60EB394F3}"
EndProject
Project("{8BC9CEB8-8B4A-11D0-8D11-00A0C91BC942}") = "03_InsertionOperatorPolymorphism", "03_InsertionOperatorPolymorphism\03_InsertionOperatorPolymorphism.vcxproj", "{9AB2F147-27FE-40E6-9B03-0250C30439D5}"
EndProject
Project("{8BC9CEB8-8B4A-11D0-8D11-00A0C91BC942}") = "03_DestructorExample", "03_DestructorExample\03_DestructorExample.vcxproj", "{8473CE48-596E-423B-B8A2-001B51E09B3F}"
EndProject
Project("{8BC9CEB8-8B4A-11D0-8D11-00A0C91BC942}") = "04_TemplateMethodExample", "04_TemplateMethodExample\04_TemplateMethodExample.vcxproj", "{93E4090B-BD7D-48BC-950F-B170ECC5FC51}"
EndProject
Project("{8BC9CEB8-8B4A-11D0-8D11-00A0C91BC942}") = "05_FileReadingExample", "05_FileReadingExample\05_FileReadingExample.vcxproj", "{76312951-0C62-4AAF-846A-C5C5AF06B270}"
EndProject
Project("{8BC9CEB8-8B4A-11D0-8D11-00A0C91BC942}") = "06_EnumClass", "06_EnumClass\06_EnumClass.vcxproj", "{547C4ABC-8E02-4B0A-BA67-018F7C4991FB}"
EndProject
Project("{8BC9CEB8-8B4A-11D0-8D11-00A0C91BC942}") = "06_ExceptionExample", "06_ExceptionExample\06_ExceptionExample.vcxproj", "{139762EF-9246-4975-A353-ACFC43C25114}"
EndProject
Project("{8BC9CEB8-8B4A-11D0-8D11-00A0C91BC942}") = "06_NamespaceExample", "06_NamespaceExample\06_NamespaceExample.vcxproj", "{2E19241B-301C-4543-A8B9-B5072B163E08}"
EndProject
Project("{8BC9CEB8-8B4A-11D0-8D11-00A0C91BC942}") = "07_SingletonExample", "07_SingletonExample\07_SingletonExample.vcxproj", "{3CA41A03-4CD2-4310-AB9A-DA2725812988}"
EndProject
Project("{8BC9CEB8-8B4A-11D0-8D11-00A0C91BC942}") = "08_STL_Example", "08_STL_Example\08_STL_Example.vcxproj", "{6F4D1B04-AD9F-4CD2-9262-6D352AAA8556}"
EndProject
Project("{8BC9CEB8-8B4A-11D0-8D11-00A0C91BC942}") = "09_VisitorExample", "09_VisitorExample\09_VisitorExample.vcxproj", "{7BC9ED25-4DD6-4039-A2D0-3FAB61C4BC06}"
EndProject
Project("{8BC9CEB8-8B4A-11D0-8D11-00A0C91BC942}") = "09_DoubleDispatchExample", "09_DoubleDispatchExample\09_DoubleDispatchExample.vcxproj", "{823E2C27-A693-46E4-B15F-25E3E5FB5723}"
EndProject
Global
	GlobalSection(SolutionConfigurationPlatforms) = preSolution
		Debug|x64 = Debug|x64
		Debug|x86 = Debug|x86
		Release|x64 = Release|x64
		Release|x86 = Release|x86
	EndGlobalSection
	GlobalSection(ProjectConfigurationPlatforms) = postSolution
		{80A9C32D-9895-4E7B-B5F0-22501C3C8123}.Debug|x64.ActiveCfg = Debug|x64
		{80A9C32D-9895-4E7B-B5F0-22501C3C8123}.Debug|x64.Build.0 = Debug|x64
		{80A9C32D-9895-4E7B-B5F0-22501C3C8123}.Debug|x86.ActiveCfg = Debug|Win32
		{80A9C32D-9895-4E7B-B5F0-22501C3C8123}.Debug|x86.Build.0 = Debug|Win32
		{80A9C32D-9895-4E7B-B5F0-22501C3C8123}.Release|x64.ActiveCfg = Release|x64
		{80A9C32D-9895-4E7B-B5F0-22501C3C8123}.Release|x64.Build.0 = Release|x64
		{80A9C32D-9895-4E7B-B5F0-22501C3C8123}.Release|x86.ActiveCfg = Release|Win32
		{80A9C32D-9895-4E7B-B5F0-22501C3C8123}.Release|x86.Build.0 = Release|Win32
		{B8C73E7F-3FE0-4D16-855A-B05B8B36B882}.Debug|x64.ActiveCfg = Debug|x64
		{B8C73E7F-3FE0-4D16-855A-B05B8B36B882}.Debug|x64.Build.0 = Debug|x64
		{B8C73E7F-3FE0-4D16-855A-B05B8B36B882}.Debug|x86.ActiveCfg = Debug|Win32
		{B8C73E7F-3FE0-4D16-855A-B05B8B36B882}.Debug|x86.Build.0 = Debug|Win32
		{B8C73E7F-3FE0-4D16-855A-B05B8B36B882}.Release|x64.ActiveCfg = Release|x64
		{B8C73E7F-3FE0-4D16-855A-B05B8B36B882}.Release|x64.Build.0 = Release|x64
		{B8C73E7F-3FE0-4D16-855A-B05B8B36B882}.Release|x86.ActiveCfg = Release|Win32
		{B8C73E7F-3FE0-4D16-855A-B05B8B36B882}.Release|x86.Build.0 = Release|Win32
		{EBDE45EF-E708-4A15-BA4A-56B021610BF5}.Debug|x64.ActiveCfg = Debug|x64
		{EBDE45EF-E708-4A15-BA4A-56B021610BF5}.Debug|x64.Build.0 = Debug|x64
		{EBDE45EF-E708-4A15-BA4A-56B021610BF5}.Debug|x86.ActiveCfg = Debug|Win32
		{EBDE45EF-E708-4A15-BA4A-56B021610BF5}.Debug|x86.Build.0 = Debug|Win32
		{EBDE45EF-E708-4A15-BA4A-56B021610BF5}.Release|x64.ActiveCfg = Release|x64
		{EBDE45EF-E708-4A15-BA4A-56B021610BF5}.Release|x64.Build.0 = Release|x64
		{EBDE45EF-E708-4A15-BA4A-56B021610BF5}.Release|x86.ActiveCfg = Release|Win32
		{EBDE45EF-E708-4A15-BA4A-56B021610BF5}.Release|x86.Build.0 = Release|Win32
		{ACAA533E-5229-48AA-A755-38D31856E8AB}.Debug|x64.ActiveCfg = Debug|x64
		{ACAA533E-5229-48AA-A755-38D31856E8AB}.Debug|x64.Build.0 = Debug|x64
		{ACAA533E-5229-48AA-A755-38D31856E8AB}.Debug|x86.ActiveCfg = Debug|Win32
		{ACAA533E-5229-48AA-A755-38D31856E8AB}.Debug|x86.Build.0 = Debug|Win32
		{ACAA533E-5229-48AA-A755-38D31856E8AB}.Release|x64.ActiveCfg = Release|x64
		{ACAA533E-5229-48AA-A755-38D31856E8AB}.Release|x64.Build.0 = Release|x64
		{ACAA533E-5229-48AA-A755-38D31856E8AB}.Release|x86.ActiveCfg = Release|Win32
		{ACAA533E-5229-48AA-A755-38D31856E8AB}.Release|x86.Build.0 = Release|Win32
		{7B15E04D-F287-44F0-B5E9-B3B60EB394F3}.Debug|x64.ActiveCfg = Debug|x64
		{7B15E04D-F287-44F0-B5E9-B3B60EB394F3}.Debug|x64.Build.0 = Debug|x64
		{7B15E04D-F287-44F0-B5E9-B3B60EB394F3}.Debug|x86.ActiveCfg = Debug|Win32
		{7B15E04D-F287-44F0-B5E9-B3B60EB394F3}.Debug|x86.Build.0 = Debug|Win32
		{7B15E04D-F287-44F0-B5E9-B3B60EB394F3}.Release|x64.ActiveCfg = Release|x64
		{7B15E04D-F287-44F0-B5E9-B3B60EB394F3}.Release|x64.Build.0 = Release|x64
		{7B15E04D-F287-44F0-B5E9-B3B60EB394F3}.Release|x86.ActiveCfg = Release|Win32
		{7B15E04D-F287-44F0-B5E9-B3B60EB394F3}.Release|x86.Build.0 = Release|Win32
		{9AB2F147-27FE-40E6-9B03-0250C30439D5}.Debug|x64.ActiveCfg = Debug|x64
		{9AB2F147-27FE-40E6-9B03-0250C30439D5}.Debug|x64.Build.0 = Debug|x64
		{9AB2F147-27FE-40E6-9B03-0250C30439D5}.Debug|x86.ActiveCfg = Debug|Win32
		{9AB2F147-27FE-40E6-9B03-0250C30439D5}.Debug|x86.Build.0 = Debug|Win32
		{9AB2F147-27FE-40E6-9B03-0250C30439D5}.Release|x64.ActiveCfg = Release|x64
		{9AB2F147-27FE-40E6-9B03-0250C30439D5}.Release|x64.Build.0 = Release|x64
		{9AB2F147-27FE-40E6-9B03-0250C30439D5}.Release|x86.ActiveCfg = Release|Win32
		{9AB2F147-27FE-40E6-9B03-0250C30439D5}.Release|x86.Build.0 = Release|Win32
		{8473CE48-596E-423B-B8A2-001B51E09B3F}.Debug|x64.ActiveCfg = Debug|x64
		{8473CE48-596E-423B-B8A2-001B51E09B3F}.Debug|x64.Build.0 = Debug|x64
		{8473CE48-596E-423B-B8A2-001B51E09B3F}.Debug|x86.ActiveCfg = Debug|Win32
		{8473CE48-596E-423B-B8A2-001B51E09B3F}.Debug|x86.Build.0 = Debug|Win32
		{8473CE48-596E-423B-B8A2-001B51E09B3F}.Release|x64.ActiveCfg = Release|x64
		{8473CE48-596E-423B-B8A2-001B51E09B3F}.Release|x64.Build.0 = Release|x64
		{8473CE48-596E-423B-B8A2-001B51E09B3F}.Release|x86.ActiveCfg = Release|Win32
		{8473CE48-596E-423B-B8A2-001B51E09B3F}.Release|x86.Build.0 = Release|Win32
		{93E4090B-BD7D-48BC-950F-B170ECC5FC51}.Debug|x64.ActiveCfg = Debug|x64
		{93E4090B-BD7D-48BC-950F-B170ECC5FC51}.Debug|x64.Build.0 = Debug|x64
		{93E4090B-BD7D-48BC-950F-B170ECC5FC51}.Debug|x86.ActiveCfg = Debug|Win32
		{93E4090B-BD7D-48BC-950F-B170ECC5FC51}.Debug|x86.Build.0 = Debug|Win32
		{93E4090B-BD7D-48BC-950F-B170ECC5FC51}.Release|x64.ActiveCfg = Release|x64
		{93E4090B-BD7D-48BC-950F-B170ECC5FC51}.Release|x64.Build.0 = Release|x64
		{93E4090B-BD7D-48BC-950F-B170ECC5FC51}.Release|x86.ActiveCfg = Release|Win32
		{93E4090B-BD7D-48BC-950F-B170ECC5FC51}.Release|x86.Build.0 = Release|Win32
		{76312951-0C62-4AAF-846A-C5C5AF06B270}.Debug|x64.ActiveCfg = Debug|x64
		{76312951-0C62-4AAF-846A-C5C5AF06B270}.Debug|x64.Build.0 = Debug|x64
		{76312951-0C62-4AAF-846A-C5C5AF06B270}.Debug|x86.ActiveCfg = Debug|Win32
		{76312951-0C62-4AAF-846A-C5C5AF06B270}.Debug|x86.Build.0 = Debug|Win32
		{76312951-0C62-4AAF-846A-C5C5AF06B270}.Release|x64.ActiveCfg = Release|x64
		{76312951-0C62-4AAF-846A-C5C5AF06B270}.Release|x64.Build.0 = Release|x64
		{76312951-0C62-4AAF-846A-C5C5AF06B270}.Release|x86.ActiveCfg = Release|Win32
		{76312951-0C62-4AAF-846A-C5C5AF06B270}.Release|x86.Build.0 = Release|Win32
		{547C4ABC-8E02-4B0A-BA67-018F7C4991FB}.Debug|x64.ActiveCfg = Debug|x64
		{547C4ABC-8E02-4B0A-BA67-018F7C4991FB}.Debug|x64.Build.0 = Debug|x64
		{547C4ABC-8E02-4B0A-BA67-018F7C4991FB}.Debug|x86.ActiveCfg = Debug|Win32
		{547C4ABC-8E02-4B0A-BA67-018F7C4991FB}.Debug|x86.Build.0 = Debug|Win32
		{547C4ABC-8E02-4B0A-BA67-018F7C4991FB}.Release|x64.ActiveCfg = Release|x64
		{547C4ABC-8E02-4B0A-BA67-018F7C4991FB}.Release|x64.Build.0 = Release|x64
		{547C4ABC-8E02-4B0A-BA67-018F7C4991FB}.Release|x86.ActiveCfg = Release|Win32
		{547C4ABC-8E02-4B0A-BA67-018F7C4991FB}.Release|x86.Build.0 = Release|Win32
		{139762EF-9246-4975-A353-ACFC43C25114}.Debug|x64.ActiveCfg = Debug|x64
		{139762EF-9246-4975-A353-ACFC43C25114}.Debug|x64.Build.0 = Debug|x64
		{139762EF-9246-4975-A353-ACFC43C25114}.Debug|x86.ActiveCfg = Debug|Win32
		{139762EF-9246-4975-A353-ACFC43C25114}.Debug|x86.Build.0 = Debug|Win32
		{139762EF-9246-4975-A353-ACFC43C25114}.Release|x64.ActiveCfg = Release|x64
		{139762EF-9246-4975-A353-ACFC43C25114}.Release|x64.Build.0 = Release|x64
		{139762EF-9246-4975-A353-ACFC43C25114}.Release|x86.ActiveCfg = Release|Win32
		{139762EF-9246-4975-A353-ACFC43C25114}.Release|x86.Build.0 = Release|Win32
		{2E19241B-301C-4543-A8B9-B5072B163E08}.Debug|x64.ActiveCfg = Debug|x64
		{2E19241B-301C-4543-A8B9-B5072B163E08}.Debug|x64.Build.0 = Debug|x64
		{2E19241B-301C-4543-A8B9-B5072B163E08}.Debug|x86.ActiveCfg = Debug|Win32
		{2E19241B-301C-4543-A8B9-B5072B163E08}.Debug|x86.Build.0 = Debug|Win32
		{2E19241B-301C-4543-A8B9-B5072B163E08}.Release|x64.ActiveCfg = Release|x64
		{2E19241B-301C-4543-A8B9-B5072B163E08}.Release|x64.Build.0 = Release|x64
		{2E19241B-301C-4543-A8B9-B5072B163E08}.Release|x86.ActiveCfg = Release|Win32
		{2E19241B-301C-4543-A8B9-B5072B163E08}.Release|x86.Build.0 = Release|Win32
		{3CA41A03-4CD2-4310-AB9A-DA2725812988}.Debug|x64.ActiveCfg = Debug|x64
		{3CA41A03-4CD2-4310-AB9A-DA2725812988}.Debug|x64.Build.0 = Debug|x64
		{3CA41A03-4CD2-4310-AB9A-DA2725812988}.Debug|x86.ActiveCfg = Debug|Win32
		{3CA41A03-4CD2-4310-AB9A-DA2725812988}.Debug|x86.Build.0 = Debug|Win32
		{3CA41A03-4CD2-4310-AB9A-DA2725812988}.Release|x64.ActiveCfg = Release|x64
		{3CA41A03-4CD2-4310-AB9A-DA2725812988}.Release|x64.Build.0 = Release|x64
		{3CA41A03-4CD2-4310-AB9A-DA2725812988}.Release|x86.ActiveCfg = Release|Win32
		{3CA41A03-4CD2-4310-AB9A-DA2725812988}.Release|x86.Build.0 = Release|Win32
		{6F4D1B04-AD9F-4CD2-9262-6D352AAA8556}.Debug|x64.ActiveCfg = Debug|x64
		{6F4D1B04-AD9F-4CD2-9262-6D352AAA8556}.Debug|x64.Build.0 = Debug|x64
		{6F4D1B04-AD9F-4CD2-9262-6D352AAA8556}.Debug|x86.ActiveCfg = Debug|Win32
		{6F4D1B04-AD9F-4CD2-9262-6D352AAA8556}.Debug|x86.Build.0 = Debug|Win32
		{6F4D1B04-AD9F-4CD2-9262-6D352AAA8556}.Release|x64.ActiveCfg = Release|x64
		{6F4D1B04-AD9F-4CD2-9262-6D352AAA8556}.Release|x64.Build.0 = Release|x64
		{6F4D1B04-AD9F-4CD2-9262-6D352AAA8556}.Release|x86.ActiveCfg = Release|Win32
		{6F4D1B04-AD9F-4CD2-9262-6D352AAA8556}.Release|x86.Build.0 = Release|Win32
		{7BC9ED25-4DD6-4039-A2D0-3FAB61C4BC06}.Debug|x64.ActiveCfg = Debug|x64
		{7BC9ED25-4DD6-4039-A2D0-3FAB61C4BC06}.Debug|x64.Build.0 = Debug|x64
		{7BC9ED25-4DD6-4039-A2D0-3FAB61C4BC06}.Debug|x86.ActiveCfg = Debug|Win32
		{7BC9ED25-4DD6-4039-A2D0-3FAB61C4BC06}.Debug|x86.Build.0 = Debug|Win32
		{7BC9ED25-4DD6-4039-A2D0-3FAB61C4BC06}.Release|x64.ActiveCfg = Release|x64
		{7BC9ED25-4DD6-4039-A2D0-3FAB61C4BC06}.Release|x64.Build.0 = Release|x64
		{7BC9ED25-4DD6-4039-A2D0-3FAB61C4BC06}.Release|x86.ActiveCfg = Release|Win32
		{7BC9ED25-4DD6-4039-A2D0-3FAB61C4BC06}.Release|x86.Build.0 = Release|Win32
		{823E2C27-A693-46E4-B15F-25E3E5FB5723}.Debug|x64.ActiveCfg = Debug|x64
		{823E2C27-A693-46E4-B15F-25E3E5FB5723}.Debug|x64.Build.0 = Debug|x64
		{823E2C27-A693-46E4-B15F-25E3E5FB5723}.Debug|x86.ActiveCfg = Debug|Win32
		{823E2C27-A693-46E4-B15F-25E3E5FB5723}.Debug|x86.Build.0 = Debug|Win32
		{823E2C27-A693-46E4-B15F-25E3E5FB5723}.Release|x64.ActiveCfg = Release|x64
		{823E2C27-A693-46E4-B15F-25E3E5FB5723}.Release|x64.Build.0 = Release|x64
		{823E2C27-A693-46E4-B15F-25E3E5FB5723}.Release|x86.ActiveCfg = Release|Win32
		{823E2C27-A693-46E4-B15F-25E3E5FB5723}.Release|x86.Build.0 = Release|Win32
	EndGlobalSection
	GlobalSection(SolutionProperties) = preSolution
		HideSolutionNode = FALSE
	EndGlobalSection
EndGlobal
